
Microsoft Visual Studio Solution File, Format Version 11.00
# Visual Studio 2010
Project("{FAE04EC0-301F-11D3-BF4B-00C04F79EFBC}") = "MachineLearning.NET", "MachineLearning.NET\MachineLearning.NET.csproj", "{1DF0DA45-073E-45B6-BA86-39655A4728D1}"
EndProject
Project("{FAE04EC0-301F-11D3-BF4B-00C04F79EFBC}") = "MachineLearning.NET.Tests", "MachineLearning.NET.Tests\MachineLearning.NET.Tests.csproj", "{74C4BA27-FE25-4912-9391-6A96C0E63453}"
EndProject
Global
	GlobalSection(SolutionConfigurationPlatforms) = preSolution
		Debug|Any CPU = Debug|Any CPU
		Release|Any CPU = Release|Any CPU
	EndGlobalSection
	GlobalSection(ProjectConfigurationPlatforms) = postSolution
		{1DF0DA45-073E-45B6-BA86-39655A4728D1}.Debug|Any CPU.ActiveCfg = Debug|Any CPU
		{1DF0DA45-073E-45B6-BA86-39655A4728D1}.Debug|Any CPU.Build.0 = Debug|Any CPU
		{1DF0DA45-073E-45B6-BA86-39655A4728D1}.Release|Any CPU.ActiveCfg = Release|Any CPU
		{1DF0DA45-073E-45B6-BA86-39655A4728D1}.Release|Any CPU.Build.0 = Release|Any CPU
		{74C4BA27-FE25-4912-9391-6A96C0E63453}.Debug|Any CPU.ActiveCfg = Debug|Any CPU
		{74C4BA27-FE25-4912-9391-6A96C0E63453}.Debug|Any CPU.Build.0 = Debug|Any CPU
		{74C4BA27-FE25-4912-9391-6A96C0E63453}.Release|Any CPU.ActiveCfg = Release|Any CPU
		{74C4BA27-FE25-4912-9391-6A96C0E63453}.Release|Any CPU.Build.0 = Release|Any CPU
	EndGlobalSection
	GlobalSection(SolutionProperties) = preSolution
		HideSolutionNode = FALSE
	EndGlobalSection
EndGlobal
